
Microsoft Visual Studio Solution File, Format Version 12.00
# Visual Studio Version 17
VisualStudioVersion = 17.12.35209.166
MinimumVisualStudioVersion = 10.0.40219.1
Project("{2150E333-8FDC-42A3-9474-1A3956D46DE8}") = "Fundamentals", "Fundamentals", "{69091825-21EA-496D-8EF1-BCB47C30B2C9}"
EndProject
Project("{2150E333-8FDC-42A3-9474-1A3956D46DE8}") = "src", "src", "{CEA6A8E5-FB1A-42EA-AA86-6C2C1672B2E2}"
EndProject
Project("{2150E333-8FDC-42A3-9474-1A3956D46DE8}") = "tests", "tests", "{53AD116B-7762-491B-8E5B-F5CB181B37C5}"
EndProject
Project("{FAE04EC0-301F-11D3-BF4B-00C04F79EFBC}") = "Customers.Api", "Fundamentals\src\Customers.Api\Customers.Api.csproj", "{73B2544D-C874-4587-AE6C-F974AD28411B}"
EndProject
Project("{FAE04EC0-301F-11D3-BF4B-00C04F79EFBC}") = "Customers.Api.Tests.Integration", "Fundamentals\tests\Customers.Api.Tests.Integration\Customers.Api.Tests.Integration.csproj", "{5386B9FA-CB9A-418D-872A-2CD18CBD8FD8}"
EndProject
Project("{2150E333-8FDC-42A3-9474-1A3956D46DE8}") = "Techniques", "Techniques", "{E6CEB762-D9A3-4596-94B4-B6B69395FD9A}"
EndProject
Project("{2150E333-8FDC-42A3-9474-1A3956D46DE8}") = "src", "src", "{A307CEEA-4921-4D17-9E3C-491147CF6467}"
EndProject
Project("{2150E333-8FDC-42A3-9474-1A3956D46DE8}") = "tests", "tests", "{CF5EAC7D-A05E-4A96-8A2D-876D3D0D95F3}"
EndProject
Project("{FAE04EC0-301F-11D3-BF4B-00C04F79EFBC}") = "TestingTechniques", "Techniques\src\TestingTechniques\TestingTechniques.csproj", "{3CB12A32-F965-4125-9AB7-4DB1BDEEBA6E}"
EndProject
Project("{FAE04EC0-301F-11D3-BF4B-00C04F79EFBC}") = "TestingTechniques.Tests.Unit", "Techniques\tests\TestingTechniques.Tests.Unit\TestingTechniques.Tests.Unit.csproj", "{CD6CF1F6-0414-4072-8369-A8EE69CFF4B2}"
EndProject
Project("{2150E333-8FDC-42A3-9474-1A3956D46DE8}") = "Real World testing", "Real World testing", "{12652FC4-5595-44CD-85EF-CA5A2D699834}"
EndProject
Project("{2150E333-8FDC-42A3-9474-1A3956D46DE8}") = "src", "src", "{0856BFFF-AF13-4036-A849-0139FF469E30}"
EndProject
Project("{2150E333-8FDC-42A3-9474-1A3956D46DE8}") = "tests", "tests", "{D79CD1E1-AE92-4419-99ED-A81035F45B17}"
EndProject
Project("{FAE04EC0-301F-11D3-BF4B-00C04F79EFBC}") = "Customers.Api", "Real World testing\src\Customers.Api\Customers.Api.csproj", "{9940F995-6945-4D0A-ABCE-3444470D1EB0}"
EndProject
Project("{FAE04EC0-301F-11D3-BF4B-00C04F79EFBC}") = "Customers.Api.Tests.Integration", "Real World testing\tests\Customers.Api.Tests.Integration\Customers.Api.Tests.Integration.csproj", "{6D766D1E-DAC1-49D4-8562-C06162511827}"
EndProject
Project("{E53339B2-1760-4266-BCC7-CA923CBCF16C}") = "docker-compose", "docker-compose.dcproj", "{FB8DDD18-9E67-4AE4-9A1E-6884EFB91C32}"
EndProject
Project("{FAE04EC0-301F-11D3-BF4B-00C04F79EFBC}") = "FakeApi", "FakeApi\FakeApi.csproj", "{6C01E3E4-1AAA-460C-B303-703AFC3EE815}"
EndProject
Global
	GlobalSection(SolutionConfigurationPlatforms) = preSolution
		Debug|Any CPU = Debug|Any CPU
		Release|Any CPU = Release|Any CPU
	EndGlobalSection
	GlobalSection(ProjectConfigurationPlatforms) = postSolution
		{73B2544D-C874-4587-AE6C-F974AD28411B}.Debug|Any CPU.ActiveCfg = Debug|Any CPU
		{73B2544D-C874-4587-AE6C-F974AD28411B}.Debug|Any CPU.Build.0 = Debug|Any CPU
		{73B2544D-C874-4587-AE6C-F974AD28411B}.Release|Any CPU.ActiveCfg = Release|Any CPU
		{73B2544D-C874-4587-AE6C-F974AD28411B}.Release|Any CPU.Build.0 = Release|Any CPU
		{5386B9FA-CB9A-418D-872A-2CD18CBD8FD8}.Debug|Any CPU.ActiveCfg = Debug|Any CPU
		{5386B9FA-CB9A-418D-872A-2CD18CBD8FD8}.Debug|Any CPU.Build.0 = Debug|Any CPU
		{5386B9FA-CB9A-418D-872A-2CD18CBD8FD8}.Release|Any CPU.ActiveCfg = Release|Any CPU
		{5386B9FA-CB9A-418D-872A-2CD18CBD8FD8}.Release|Any CPU.Build.0 = Release|Any CPU
		{3CB12A32-F965-4125-9AB7-4DB1BDEEBA6E}.Debug|Any CPU.ActiveCfg = Debug|Any CPU
		{3CB12A32-F965-4125-9AB7-4DB1BDEEBA6E}.Debug|Any CPU.Build.0 = Debug|Any CPU
		{3CB12A32-F965-4125-9AB7-4DB1BDEEBA6E}.Release|Any CPU.ActiveCfg = Release|Any CPU
		{3CB12A32-F965-4125-9AB7-4DB1BDEEBA6E}.Release|Any CPU.Build.0 = Release|Any CPU
		{CD6CF1F6-0414-4072-8369-A8EE69CFF4B2}.Debug|Any CPU.ActiveCfg = Debug|Any CPU
		{CD6CF1F6-0414-4072-8369-A8EE69CFF4B2}.Debug|Any CPU.Build.0 = Debug|Any CPU
		{CD6CF1F6-0414-4072-8369-A8EE69CFF4B2}.Release|Any CPU.ActiveCfg = Release|Any CPU
		{CD6CF1F6-0414-4072-8369-A8EE69CFF4B2}.Release|Any CPU.Build.0 = Release|Any CPU
		{9940F995-6945-4D0A-ABCE-3444470D1EB0}.Debug|Any CPU.ActiveCfg = Debug|Any CPU
		{9940F995-6945-4D0A-ABCE-3444470D1EB0}.Debug|Any CPU.Build.0 = Debug|Any CPU
		{9940F995-6945-4D0A-ABCE-3444470D1EB0}.Release|Any CPU.ActiveCfg = Release|Any CPU
		{9940F995-6945-4D0A-ABCE-3444470D1EB0}.Release|Any CPU.Build.0 = Release|Any CPU
		{6D766D1E-DAC1-49D4-8562-C06162511827}.Debug|Any CPU.ActiveCfg = Debug|Any CPU
		{6D766D1E-DAC1-49D4-8562-C06162511827}.Debug|Any CPU.Build.0 = Debug|Any CPU
		{6D766D1E-DAC1-49D4-8562-C06162511827}.Release|Any CPU.ActiveCfg = Release|Any CPU
		{6D766D1E-DAC1-49D4-8562-C06162511827}.Release|Any CPU.Build.0 = Release|Any CPU
		{FB8DDD18-9E67-4AE4-9A1E-6884EFB91C32}.Debug|Any CPU.ActiveCfg = Debug|Any CPU
		{FB8DDD18-9E67-4AE4-9A1E-6884EFB91C32}.Debug|Any CPU.Build.0 = Debug|Any CPU
		{FB8DDD18-9E67-4AE4-9A1E-6884EFB91C32}.Release|Any CPU.ActiveCfg = Release|Any CPU
		{FB8DDD18-9E67-4AE4-9A1E-6884EFB91C32}.Release|Any CPU.Build.0 = Release|Any CPU
		{6C01E3E4-1AAA-460C-B303-703AFC3EE815}.Debug|Any CPU.ActiveCfg = Debug|Any CPU
		{6C01E3E4-1AAA-460C-B303-703AFC3EE815}.Debug|Any CPU.Build.0 = Debug|Any CPU
		{6C01E3E4-1AAA-460C-B303-703AFC3EE815}.Release|Any CPU.ActiveCfg = Release|Any CPU
		{6C01E3E4-1AAA-460C-B303-703AFC3EE815}.Release|Any CPU.Build.0 = Release|Any CPU
	EndGlobalSection
	GlobalSection(SolutionProperties) = preSolution
		HideSolutionNode = FALSE
	EndGlobalSection
	GlobalSection(NestedProjects) = preSolution
		{CEA6A8E5-FB1A-42EA-AA86-6C2C1672B2E2} = {69091825-21EA-496D-8EF1-BCB47C30B2C9}
		{53AD116B-7762-491B-8E5B-F5CB181B37C5} = {69091825-21EA-496D-8EF1-BCB47C30B2C9}
		{73B2544D-C874-4587-AE6C-F974AD28411B} = {CEA6A8E5-FB1A-42EA-AA86-6C2C1672B2E2}
		{5386B9FA-CB9A-418D-872A-2CD18CBD8FD8} = {53AD116B-7762-491B-8E5B-F5CB181B37C5}
		{A307CEEA-4921-4D17-9E3C-491147CF6467} = {E6CEB762-D9A3-4596-94B4-B6B69395FD9A}
		{CF5EAC7D-A05E-4A96-8A2D-876D3D0D95F3} = {E6CEB762-D9A3-4596-94B4-B6B69395FD9A}
		{3CB12A32-F965-4125-9AB7-4DB1BDEEBA6E} = {A307CEEA-4921-4D17-9E3C-491147CF6467}
		{CD6CF1F6-0414-4072-8369-A8EE69CFF4B2} = {CF5EAC7D-A05E-4A96-8A2D-876D3D0D95F3}
		{0856BFFF-AF13-4036-A849-0139FF469E30} = {12652FC4-5595-44CD-85EF-CA5A2D699834}
		{D79CD1E1-AE92-4419-99ED-A81035F45B17} = {12652FC4-5595-44CD-85EF-CA5A2D699834}
		{9940F995-6945-4D0A-ABCE-3444470D1EB0} = {0856BFFF-AF13-4036-A849-0139FF469E30}
		{6D766D1E-DAC1-49D4-8562-C06162511827} = {D79CD1E1-AE92-4419-99ED-A81035F45B17}
		{6C01E3E4-1AAA-460C-B303-703AFC3EE815} = {0856BFFF-AF13-4036-A849-0139FF469E30}
	EndGlobalSection
	GlobalSection(ExtensibilityGlobals) = postSolution
		SolutionGuid = {9C03A01B-ECEB-44D1-9B3C-DBADD5E39567}
	EndGlobalSection
EndGlobal
